// !$*UTF8*$!
{
	archiveVersion = 1;
	classes = {
	};
	objectVersion = 55;
	objects = {

/* Begin PBXBuildFile section */
		CCB8FDAAD8637576BA222F96 /* Pods_TypistDemo.framework in Frameworks */ = {isa = PBXBuildFile; fileRef = 0177034882E36DEF85A2AC31 /* Pods_TypistDemo.framework */; };
		EEAEC37727AA4BC4000A5DA9 /* AppDelegate.swift in Sources */ = {isa = PBXBuildFile; fileRef = EEAEC37627AA4BC4000A5DA9 /* AppDelegate.swift */; };
		EEAEC37927AA4BC4000A5DA9 /* SceneDelegate.swift in Sources */ = {isa = PBXBuildFile; fileRef = EEAEC37827AA4BC4000A5DA9 /* SceneDelegate.swift */; };
		EEAEC37B27AA4BC4000A5DA9 /* ViewController.swift in Sources */ = {isa = PBXBuildFile; fileRef = EEAEC37A27AA4BC4000A5DA9 /* ViewController.swift */; };
		EEAEC37E27AA4BC4000A5DA9 /* Main.storyboard in Resources */ = {isa = PBXBuildFile; fileRef = EEAEC37C27AA4BC4000A5DA9 /* Main.storyboard */; };
		EEAEC38027AA4BC4000A5DA9 /* Assets.xcassets in Resources */ = {isa = PBXBuildFile; fileRef = EEAEC37F27AA4BC4000A5DA9 /* Assets.xcassets */; };
		EEAEC38327AA4BC4000A5DA9 /* LaunchScreen.storyboard in Resources */ = {isa = PBXBuildFile; fileRef = EEAEC38127AA4BC4000A5DA9 /* LaunchScreen.storyboard */; };
/* End PBXBuildFile section */

/* Begin PBXFileReference section */
		0177034882E36DEF85A2AC31 /* Pods_TypistDemo.framework */ = {isa = PBXFileReference; explicitFileType = wrapper.framework; includeInIndex = 0; path = Pods_TypistDemo.framework; sourceTree = BUILT_PRODUCTS_DIR; };
		0650E74AE8643AB660578731 /* Pods-TypistDemo.debug.xcconfig */ = {isa = PBXFileReference; includeInIndex = 1; lastKnownFileType = text.xcconfig; name = "Pods-TypistDemo.debug.xcconfig"; path = "Target Support Files/Pods-TypistDemo/Pods-TypistDemo.debug.xcconfig"; sourceTree = "<group>"; };
		EEAEC37327AA4BC4000A5DA9 /* TypistDemo.app */ = {isa = PBXFileReference; explicitFileType = wrapper.application; includeInIndex = 0; path = TypistDemo.app; sourceTree = BUILT_PRODUCTS_DIR; };
		EEAEC37627AA4BC4000A5DA9 /* AppDelegate.swift */ = {isa = PBXFileReference; lastKnownFileType = sourcecode.swift; path = AppDelegate.swift; sourceTree = "<group>"; };
		EEAEC37827AA4BC4000A5DA9 /* SceneDelegate.swift */ = {isa = PBXFileReference; lastKnownFileType = sourcecode.swift; path = SceneDelegate.swift; sourceTree = "<group>"; };
		EEAEC37A27AA4BC4000A5DA9 /* ViewController.swift */ = {isa = PBXFileReference; lastKnownFileType = sourcecode.swift; path = ViewController.swift; sourceTree = "<group>"; };
		EEAEC37D27AA4BC4000A5DA9 /* Base */ = {isa = PBXFileReference; lastKnownFileType = file.storyboard; name = Base; path = Base.lproj/Main.storyboard; sourceTree = "<group>"; };
		EEAEC37F27AA4BC4000A5DA9 /* Assets.xcassets */ = {isa = PBXFileReference; lastKnownFileType = folder.assetcatalog; path = Assets.xcassets; sourceTree = "<group>"; };
		EEAEC38227AA4BC4000A5DA9 /* Base */ = {isa = PBXFileReference; lastKnownFileType = file.storyboard; name = Base; path = Base.lproj/LaunchScreen.storyboard; sourceTree = "<group>"; };
		EEAEC38427AA4BC4000A5DA9 /* Info.plist */ = {isa = PBXFileReference; lastKnownFileType = text.plist.xml; path = Info.plist; sourceTree = "<group>"; };
		FE4CD7C35C041E59F72E6E47 /* Pods-TypistDemo.release.xcconfig */ = {isa = PBXFileReference; includeInIndex = 1; lastKnownFileType = text.xcconfig; name = "Pods-TypistDemo.release.xcconfig"; path = "Target Support Files/Pods-TypistDemo/Pods-TypistDemo.release.xcconfig"; sourceTree = "<group>"; };
/* End PBXFileReference section */

/* Begin PBXFrameworksBuildPhase section */
		EEAEC37027AA4BC4000A5DA9 /* Frameworks */ = {
			isa = PBXFrameworksBuildPhase;
			buildActionMask = 2147483647;
			files = (
				CCB8FDAAD8637576BA222F96 /* Pods_TypistDemo.framework in Frameworks */,
			);
			runOnlyForDeploymentPostprocessing = 0;
		};
/* End PBXFrameworksBuildPhase section */

/* Begin PBXGroup section */
		5FFAA3BF4D71F5429126B29B /* Frameworks */ = {
			isa = PBXGroup;
			children = (
				0177034882E36DEF85A2AC31 /* Pods_TypistDemo.framework */,
			);
			name = Frameworks;
			sourceTree = "<group>";
		};
		D9D6CAD1B62F251FFF3C6989 /* Pods */ = {
			isa = PBXGroup;
			children = (
				0650E74AE8643AB660578731 /* Pods-TypistDemo.debug.xcconfig */,
				FE4CD7C35C041E59F72E6E47 /* Pods-TypistDemo.release.xcconfig */,
			);
			name = Pods;
			path = Pods;
			sourceTree = "<group>";
		};
		EEAEC36A27AA4BC4000A5DA9 = {
			isa = PBXGroup;
			children = (
				EEAEC37527AA4BC4000A5DA9 /* TypistDemo */,
				EEAEC37427AA4BC4000A5DA9 /* Products */,
				D9D6CAD1B62F251FFF3C6989 /* Pods */,
				5FFAA3BF4D71F5429126B29B /* Frameworks */,
			);
			sourceTree = "<group>";
		};
		EEAEC37427AA4BC4000A5DA9 /* Products */ = {
			isa = PBXGroup;
			children = (
				EEAEC37327AA4BC4000A5DA9 /* TypistDemo.app */,
			);
			name = Products;
			sourceTree = "<group>";
		};
		EEAEC37527AA4BC4000A5DA9 /* TypistDemo */ = {
			isa = PBXGroup;
			children = (
				EEAEC37627AA4BC4000A5DA9 /* AppDelegate.swift */,
				EEAEC37827AA4BC4000A5DA9 /* SceneDelegate.swift */,
				EEAEC37A27AA4BC4000A5DA9 /* ViewController.swift */,
				EEAEC37C27AA4BC4000A5DA9 /* Main.storyboard */,
				EEAEC37F27AA4BC4000A5DA9 /* Assets.xcassets */,
				EEAEC38127AA4BC4000A5DA9 /* LaunchScreen.storyboard */,
				EEAEC38427AA4BC4000A5DA9 /* Info.plist */,
			);
			path = TypistDemo;
			sourceTree = "<group>";
		};
/* End PBXGroup section */

/* Begin PBXNativeTarget section */
		EEAEC37227AA4BC4000A5DA9 /* TypistDemo */ = {
			isa = PBXNativeTarget;
			buildConfigurationList = EEAEC38727AA4BC4000A5DA9 /* Build configuration list for PBXNativeTarget "TypistDemo" */;
			buildPhases = (
				0973E4A19C50060FEB6530E9 /* [CP] Check Pods Manifest.lock */,
				EEAEC36F27AA4BC4000A5DA9 /* Sources */,
				EEAEC37027AA4BC4000A5DA9 /* Frameworks */,
				EEAEC37127AA4BC4000A5DA9 /* Resources */,
				BE73E6826E462920726AAAC9 /* [CP] Embed Pods Frameworks */,
			);
			buildRules = (
			);
			dependencies = (
			);
			name = TypistDemo;
			productName = TypistDemo;
			productReference = EEAEC37327AA4BC4000A5DA9 /* TypistDemo.app */;
			productType = "com.apple.product-type.application";
		};
/* End PBXNativeTarget section */

/* Begin PBXProject section */
		EEAEC36B27AA4BC4000A5DA9 /* Project object */ = {
			isa = PBXProject;
			attributes = {
				BuildIndependentTargetsInParallel = 1;
				LastSwiftUpdateCheck = 1320;
				LastUpgradeCheck = 1320;
				TargetAttributes = {
					EEAEC37227AA4BC4000A5DA9 = {
						CreatedOnToolsVersion = 13.2.1;
					};
				};
			};
			buildConfigurationList = EEAEC36E27AA4BC4000A5DA9 /* Build configuration list for PBXProject "TypistDemo" */;
			compatibilityVersion = "Xcode 13.0";
			developmentRegion = en;
			hasScannedForEncodings = 0;
			knownRegions = (
				en,
				Base,
			);
			mainGroup = EEAEC36A27AA4BC4000A5DA9;
			productRefGroup = EEAEC37427AA4BC4000A5DA9 /* Products */;
			projectDirPath = "";
			projectRoot = "";
			targets = (
				EEAEC37227AA4BC4000A5DA9 /* TypistDemo */,
			);
		};
/* End PBXProject section */

/* Begin PBXResourcesBuildPhase section */
		EEAEC37127AA4BC4000A5DA9 /* Resources */ = {
			isa = PBXResourcesBuildPhase;
			buildActionMask = 2147483647;
			files = (
				EEAEC38327AA4BC4000A5DA9 /* LaunchScreen.storyboard in Resources */,
				EEAEC38027AA4BC4000A5DA9 /* Assets.xcassets in Resources */,
				EEAEC37E27AA4BC4000A5DA9 /* Main.storyboard in Resources */,
			);
			runOnlyForDeploymentPostprocessing = 0;
		};
/* End PBXResourcesBuildPhase section */

/* Begin PBXShellScriptBuildPhase section */
		0973E4A19C50060FEB6530E9 /* [CP] Check Pods Manifest.lock */ = {
			isa = PBXShellScriptBuildPhase;
			buildActionMask = 2147483647;
			files = (
			);
			inputFileListPaths = (
			);
			inputPaths = (
				"${PODS_PODFILE_DIR_PATH}/Podfile.lock",
				"${PODS_ROOT}/Manifest.lock",
			);
			name = "[CP] Check Pods Manifest.lock";
			outputFileListPaths = (
			);
			outputPaths = (
				"$(DERIVED_FILE_DIR)/Pods-TypistDemo-checkManifestLockResult.txt",
			);
			runOnlyForDeploymentPostprocessing = 0;
			shellPath = /bin/sh;
			shellScript = "diff \"${PODS_PODFILE_DIR_PATH}/Podfile.lock\" \"${PODS_ROOT}/Manifest.lock\" > /dev/null\nif [ $? != 0 ] ; then\n    # print error to STDERR\n    echo \"error: The sandbox is not in sync with the Podfile.lock. Run 'pod install' or update your CocoaPods installation.\" >&2\n    exit 1\nfi\n# This output is used by Xcode 'outputs' to avoid re-running this script phase.\necho \"SUCCESS\" > \"${SCRIPT_OUTPUT_FILE_0}\"\n";
			showEnvVarsInLog = 0;
		};
		BE73E6826E462920726AAAC9 /* [CP] Embed Pods Frameworks */ = {
			isa = PBXShellScriptBuildPhase;
			buildActionMask = 2147483647;
			files = (
			);
			inputFileListPaths = (
				"${PODS_ROOT}/Target Support Files/Pods-TypistDemo/Pods-TypistDemo-frameworks-${CONFIGURATION}-input-files.xcfilelist",
			);
			name = "[CP] Embed Pods Frameworks";
			outputFileListPaths = (
				"${PODS_ROOT}/Target Support Files/Pods-TypistDemo/Pods-TypistDemo-frameworks-${CONFIGURATION}-output-files.xcfilelist",
			);
			runOnlyForDeploymentPostprocessing = 0;
			shellPath = /bin/sh;
			shellScript = "\"${PODS_ROOT}/Target Support Files/Pods-TypistDemo/Pods-TypistDemo-frameworks.sh\"\n";
			showEnvVarsInLog = 0;
		};
/* End PBXShellScriptBuildPhase section */

/* Begin PBXSourcesBuildPhase section */
		EEAEC36F27AA4BC4000A5DA9 /* Sources */ = {
			isa = PBXSourcesBuildPhase;
			buildActionMask = 2147483647;
			files = (
				EEAEC37B27AA4BC4000A5DA9 /* ViewController.swift in Sources */,
				EEAEC37727AA4BC4000A5DA9 /* AppDelegate.swift in Sources */,
				EEAEC37927AA4BC4000A5DA9 /* SceneDelegate.swift in Sources */,
			);
			runOnlyForDeploymentPostprocessing = 0;
		};
/* End PBXSourcesBuildPhase section */

/* Begin PBXVariantGroup section */
		EEAEC37C27AA4BC4000A5DA9 /* Main.storyboard */ = {
			isa = PBXVariantGroup;
			children = (
				EEAEC37D27AA4BC4000A5DA9 /* Base */,
			);
			name = Main.storyboard;
			sourceTree = "<group>";
		};
		EEAEC38127AA4BC4000A5DA9 /* LaunchScreen.storyboard */ = {
			isa = PBXVariantGroup;
			children = (
				EEAEC38227AA4BC4000A5DA9 /* Base */,
			);
			name = LaunchScreen.storyboard;
			sourceTree = "<group>";
		};
/* End PBXVariantGroup section */

/* Begin XCBuildConfiguration section */
		EEAEC38527AA4BC4000A5DA9 /* Debug */ = {
			isa = XCBuildConfiguration;
			buildSettings = {
				ALWAYS_SEARCH_USER_PATHS = NO;
				CLANG_ANALYZER_NONNULL = YES;
				CLANG_ANALYZER_NUMBER_OBJECT_CONVERSION = YES_AGGRESSIVE;
				CLANG_CXX_LANGUAGE_STANDARD = "gnu++17";
				CLANG_CXX_LIBRARY = "libc++";
				CLANG_ENABLE_MODULES = YES;
				CLANG_ENABLE_OBJC_ARC = YES;
				CLANG_ENABLE_OBJC_WEAK = YES;
				CLANG_WARN_BLOCK_CAPTURE_AUTORELEASING = YES;
				CLANG_WARN_BOOL_CONVERSION = YES;
				CLANG_WARN_COMMA = YES;
				CLANG_WARN_CONSTANT_CONVERSION = YES;
				CLANG_WARN_DEPRECATED_OBJC_IMPLEMENTATIONS = YES;
				CLANG_WARN_DIRECT_OBJC_ISA_USAGE = YES_ERROR;
				CLANG_WARN_DOCUMENTATION_COMMENTS = YES;
				CLANG_WARN_EMPTY_BODY = YES;
				CLANG_WARN_ENUM_CONVERSION = YES;
				CLANG_WARN_INFINITE_RECURSION = YES;
				CLANG_WARN_INT_CONVERSION = YES;
				CLANG_WARN_NON_LITERAL_NULL_CONVERSION = YES;
				CLANG_WARN_OBJC_IMPLICIT_RETAIN_SELF = YES;
				CLANG_WARN_OBJC_LITERAL_CONVERSION = YES;
				CLANG_WARN_OBJC_ROOT_CLASS = YES_ERROR;
				CLANG_WARN_QUOTED_INCLUDE_IN_FRAMEWORK_HEADER = YES;
				CLANG_WARN_RANGE_LOOP_ANALYSIS = YES;
				CLANG_WARN_STRICT_PROTOTYPES = YES;
				CLANG_WARN_SUSPICIOUS_MOVE = YES;
				CLANG_WARN_UNGUARDED_AVAILABILITY = YES_AGGRESSIVE;
				CLANG_WARN_UNREACHABLE_CODE = YES;
				CLANG_WARN__DUPLICATE_METHOD_MATCH = YES;
				COPY_PHASE_STRIP = NO;
				DEBUG_INFORMATION_FORMAT = dwarf;
				ENABLE_STRICT_OBJC_MSGSEND = YES;
				ENABLE_TESTABILITY = YES;
				GCC_C_LANGUAGE_STANDARD = gnu11;
				GCC_DYNAMIC_NO_PIC = NO;
				GCC_NO_COMMON_BLOCKS = YES;
				GCC_OPTIMIZATION_LEVEL = 0;
				GCC_PREPROCESSOR_DEFINITIONS = (
					"DEBUG=1",
					"$(inherited)",
				);
				GCC_WARN_64_TO_32_BIT_CONVERSION = YES;
				GCC_WARN_ABOUT_RETURN_TYPE = YES_ERROR;
				GCC_WARN_UNDECLARED_SELECTOR = YES;
				GCC_WARN_UNINITIALIZED_AUTOS = YES_AGGRESSIVE;
				GCC_WARN_UNUSED_FUNCTION = YES;
				GCC_WARN_UNUSED_VARIABLE = YES;
				IPHONEOS_DEPLOYMENT_TARGET = 15.2;
				MTL_ENABLE_DEBUG_INFO = INCLUDE_SOURCE;
				MTL_FAST_MATH = YES;
				ONLY_ACTIVE_ARCH = YES;
				SDKROOT = iphoneos;
				SWIFT_ACTIVE_COMPILATION_CONDITIONS = DEBUG;
				SWIFT_OPTIMIZATION_LEVEL = "-Onone";
			};
			name = Debug;
		};
		EEAEC38627AA4BC4000A5DA9 /* Release */ = {
			isa = XCBuildConfiguration;
			buildSettings = {
				ALWAYS_SEARCH_USER_PATHS = NO;
				CLANG_ANALYZER_NONNULL = YES;
				CLANG_ANALYZER_NUMBER_OBJECT_CONVERSION = YES_AGGRESSIVE;
				CLANG_CXX_LANGUAGE_STANDARD = "gnu++17";
				CLANG_CXX_LIBRARY = "libc++";
				CLANG_ENABLE_MODULES = YES;
				CLANG_ENABLE_OBJC_ARC = YES;
				CLANG_ENABLE_OBJC_WEAK = YES;
				CLANG_WARN_BLOCK_CAPTURE_AUTORELEASING = YES;
				CLANG_WARN_BOOL_CONVERSION = YES;
				CLANG_WARN_COMMA = YES;
				CLANG_WARN_CONSTANT_CONVERSION = YES;
				CLANG_WARN_DEPRECATED_OBJC_IMPLEMENTATIONS = YES;
				CLANG_WARN_DIRECT_OBJC_ISA_USAGE = YES_ERROR;
				CLANG_WARN_DOCUMENTATION_COMMENTS = YES;
				CLANG_WARN_EMPTY_BODY = YES;
				CLANG_WARN_ENUM_CONVERSION = YES;
				CLANG_WARN_INFINITE_RECURSION = YES;
				CLANG_WARN_INT_CONVERSION = YES;
				CLANG_WARN_NON_LITERAL_NULL_CONVERSION = YES;
				CLANG_WARN_OBJC_IMPLICIT_RETAIN_SELF = YES;
				CLANG_WARN_OBJC_LITERAL_CONVERSION = YES;
				CLANG_WARN_OBJC_ROOT_CLASS = YES_ERROR;
				CLANG_WARN_QUOTED_INCLUDE_IN_FRAMEWORK_HEADER = YES;
				CLANG_WARN_RANGE_LOOP_ANALYSIS = YES;
				CLANG_WARN_STRICT_PROTOTYPES = YES;
				CLANG_WARN_SUSPICIOUS_MOVE = YES;
				CLANG_WARN_UNGUARDED_AVAILABILITY = YES_AGGRESSIVE;
				CLANG_WARN_UNREACHABLE_CODE = YES;
				CLANG_WARN__DUPLICATE_METHOD_MATCH = YES;
				COPY_PHASE_STRIP = NO;
				DEBUG_INFORMATION_FORMAT = "dwarf-with-dsym";
				ENABLE_NS_ASSERTIONS = NO;
				ENABLE_STRICT_OBJC_MSGSEND = YES;
				GCC_C_LANGUAGE_STANDARD = gnu11;
				GCC_NO_COMMON_BLOCKS = YES;
				GCC_WARN_64_TO_32_BIT_CONVERSION = YES;
				GCC_WARN_ABOUT_RETURN_TYPE = YES_ERROR;
				GCC_WARN_UNDECLARED_SELECTOR = YES;
				GCC_WARN_UNINITIALIZED_AUTOS = YES_AGGRESSIVE;
				GCC_WARN_UNUSED_FUNCTION = YES;
				GCC_WARN_UNUSED_VARIABLE = YES;
				IPHONEOS_DEPLOYMENT_TARGET = 15.2;
				MTL_ENABLE_DEBUG_INFO = NO;
				MTL_FAST_MATH = YES;
				SDKROOT = iphoneos;
				SWIFT_COMPILATION_MODE = wholemodule;
				SWIFT_OPTIMIZATION_LEVEL = "-O";
				VALIDATE_PRODUCT = YES;
			};
			name = Release;
		};
		EEAEC38827AA4BC4000A5DA9 /* Debug */ = {
			isa = XCBuildConfiguration;
			baseConfigurationReference = 0650E74AE8643AB660578731 /* Pods-TypistDemo.debug.xcconfig */;
			buildSettings = {
				ASSETCATALOG_COMPILER_APPICON_NAME = AppIcon;
				ASSETCATALOG_COMPILER_GLOBAL_ACCENT_COLOR_NAME = AccentColor;
				CODE_SIGN_STYLE = Automatic;
				CURRENT_PROJECT_VERSION = 1;
				DEVELOPMENT_TEAM = 5DM2N47UXQ;
				GENERATE_INFOPLIST_FILE = YES;
				INFOPLIST_FILE = TypistDemo/Info.plist;
				INFOPLIST_KEY_UIApplicationSupportsIndirectInputEvents = YES;
				INFOPLIST_KEY_UILaunchStoryboardName = LaunchScreen;
				INFOPLIST_KEY_UIMainStoryboardFile = Main;
				INFOPLIST_KEY_UISupportedInterfaceOrientations_iPad = "UIInterfaceOrientationPortrait UIInterfaceOrientationPortraitUpsideDown UIInterfaceOrientationLandscapeLeft UIInterfaceOrientationLandscapeRight";
				INFOPLIST_KEY_UISupportedInterfaceOrientations_iPhone = "UIInterfaceOrientationPortrait UIInterfaceOrientationLandscapeLeft UIInterfaceOrientationLandscapeRight";
				LD_RUNPATH_SEARCH_PATHS = (
					"$(inherited)",
					"@executable_path/Frameworks",
				);
				MARKETING_VERSION = 1.0;
				PRODUCT_BUNDLE_IDENTIFIER = switkevin.TypistDemo;
				PRODUCT_NAME = "$(TARGET_NAME)";
				SWIFT_EMIT_LOC_STRINGS = YES;
				SWIFT_VERSION = 5.0;
				TARGETED_DEVICE_FAMILY = "1,2";
			};
			name = Debug;
		};
		EEAEC38927AA4BC4000A5DA9 /* Release */ = {
			isa = XCBuildConfiguration;
			baseConfigurationReference = FE4CD7C35C041E59F72E6E47 /* Pods-TypistDemo.release.xcconfig */;
			buildSettings = {
				ASSETCATALOG_COMPILER_APPICON_NAME = AppIcon;
				ASSETCATALOG_COMPILER_GLOBAL_ACCENT_COLOR_NAME = AccentColor;
				CODE_SIGN_STYLE = Automatic;
				CURRENT_PROJECT_VERSION = 1;
				DEVELOPMENT_TEAM = 5DM2N47UXQ;
				GENERATE_INFOPLIST_FILE = YES;
				INFOPLIST_FILE = TypistDemo/Info.plist;
				INFOPLIST_KEY_UIApplicationSupportsIndirectInputEvents = YES;
				INFOPLIST_KEY_UILaunchStoryboardName = LaunchScreen;
				INFOPLIST_KEY_UIMainStoryboardFile = Main;
				INFOPLIST_KEY_UISupportedInterfaceOrientations_iPad = "UIInterfaceOrientationPortrait UIInterfaceOrientationPortraitUpsideDown UIInterfaceOrientationLandscapeLeft UIInterfaceOrientationLandscapeRight";
				INFOPLIST_KEY_UISupportedInterfaceOrientations_iPhone = "UIInterfaceOrientationPortrait UIInterfaceOrientationLandscapeLeft UIInterfaceOrientationLandscapeRight";
				LD_RUNPATH_SEARCH_PATHS = (
					"$(inherited)",
					"@executable_path/Frameworks",
				);
				MARKETING_VERSION = 1.0;
				PRODUCT_BUNDLE_IDENTIFIER = switkevin.TypistDemo;
				PRODUCT_NAME = "$(TARGET_NAME)";
				SWIFT_EMIT_LOC_STRINGS = YES;
				SWIFT_VERSION = 5.0;
				TARGETED_DEVICE_FAMILY = "1,2";
			};
			name = Release;
		};
/* End XCBuildConfiguration section */

/* Begin XCConfigurationList section */
		EEAEC36E27AA4BC4000A5DA9 /* Build configuration list for PBXProject "TypistDemo" */ = {
			isa = XCConfigurationList;
			buildConfigurations = (
				EEAEC38527AA4BC4000A5DA9 /* Debug */,
				EEAEC38627AA4BC4000A5DA9 /* Release */,
			);
			defaultConfigurationIsVisible = 0;
			defaultConfigurationName = Release;
		};
		EEAEC38727AA4BC4000A5DA9 /* Build configuration list for PBXNativeTarget "TypistDemo" */ = {
			isa = XCConfigurationList;
			buildConfigurations = (
				EEAEC38827AA4BC4000A5DA9 /* Debug */,
				EEAEC38927AA4BC4000A5DA9 /* Release */,
			);
			defaultConfigurationIsVisible = 0;
			defaultConfigurationName = Release;
		};
/* End XCConfigurationList section */
	};
	rootObject = EEAEC36B27AA4BC4000A5DA9 /* Project object */;
}
